
Microsoft Visual Studio Solution File, Format Version 12.00
# Visual Studio 14
VisualStudioVersion = 14.0.25123.0
MinimumVisualStudioVersion = 10.0.40219.1
Project("{FAE04EC0-301F-11D3-BF4B-00C04F79EFBC}") = "TaskManagerWpf", "TaskManagerWpf\TaskManagerWpf.csproj", "{A442CA47-0288-473D-B727-D3E275F01F42}"
EndProject
Project("{FAE04EC0-301F-11D3-BF4B-00C04F79EFBC}") = "TaskManager", "TaskManager\TaskManager.csproj", "{8A4F7CA3-7FBC-4FED-ADFE-20DDCFD5F9C7}"
EndProject
Global
	GlobalSection(SolutionConfigurationPlatforms) = preSolution
		Debug|Any CPU = Debug|Any CPU
		Release|Any CPU = Release|Any CPU
	EndGlobalSection
	GlobalSection(ProjectConfigurationPlatforms) = postSolution
		{A442CA47-0288-473D-B727-D3E275F01F42}.Debug|Any CPU.ActiveCfg = Debug|Any CPU
		{A442CA47-0288-473D-B727-D3E275F01F42}.Debug|Any CPU.Build.0 = Debug|Any CPU
		{A442CA47-0288-473D-B727-D3E275F01F42}.Release|Any CPU.ActiveCfg = Release|Any CPU
		{A442CA47-0288-473D-B727-D3E275F01F42}.Release|Any CPU.Build.0 = Release|Any CPU
		{8A4F7CA3-7FBC-4FED-ADFE-20DDCFD5F9C7}.Debug|Any CPU.ActiveCfg = Debug|Any CPU
		{8A4F7CA3-7FBC-4FED-ADFE-20DDCFD5F9C7}.Debug|Any CPU.Build.0 = Debug|Any CPU
		{8A4F7CA3-7FBC-4FED-ADFE-20DDCFD5F9C7}.Release|Any CPU.ActiveCfg = Release|Any CPU
		{8A4F7CA3-7FBC-4FED-ADFE-20DDCFD5F9C7}.Release|Any CPU.Build.0 = Release|Any CPU
	EndGlobalSection
	GlobalSection(SolutionProperties) = preSolution
		HideSolutionNode = FALSE
	EndGlobalSection
EndGlobal
